// !$*UTF8*$!
{
	archiveVersion = 1;
	classes = {
	};
	objectVersion = 55;
	objects = {

/* Begin PBXBuildFile section */
		58DFEFC427DD053A00C825F6 /* SwiftPythonApp.swift in Sources */ = {isa = PBXBuildFile; fileRef = 58DFEFC327DD053A00C825F6 /* SwiftPythonApp.swift */; };
		58DFEFC627DD053A00C825F6 /* ContentView.swift in Sources */ = {isa = PBXBuildFile; fileRef = 58DFEFC527DD053A00C825F6 /* ContentView.swift */; };
		58DFEFC827DD053B00C825F6 /* Assets.xcassets in Resources */ = {isa = PBXBuildFile; fileRef = 58DFEFC727DD053B00C825F6 /* Assets.xcassets */; };
		58DFEFCB27DD053B00C825F6 /* Preview Assets.xcassets in Resources */ = {isa = PBXBuildFile; fileRef = 58DFEFCA27DD053B00C825F6 /* Preview Assets.xcassets */; };
		58DFEFD427DD056200C825F6 /* PythonKit in Frameworks */ = {isa = PBXBuildFile; productRef = 58DFEFD327DD056200C825F6 /* PythonKit */; };
		58DFEFD827DD0DF400C825F6 /* PyScript.py in Resources */ = {isa = PBXBuildFile; fileRef = 58DFEFD727DD0DF400C825F6 /* PyScript.py */; };
		58DFEFDA27DD0EC000C825F6 /* RunScript.swift in Sources */ = {isa = PBXBuildFile; fileRef = 58DFEFD927DD0EC000C825F6 /* RunScript.swift */; };
/* End PBXBuildFile section */

/* Begin PBXFileReference section */
		58DFEFC027DD053A00C825F6 /* SwiftPython.app */ = {isa = PBXFileReference; explicitFileType = wrapper.application; includeInIndex = 0; path = SwiftPython.app; sourceTree = BUILT_PRODUCTS_DIR; };
		58DFEFC327DD053A00C825F6 /* SwiftPythonApp.swift */ = {isa = PBXFileReference; lastKnownFileType = sourcecode.swift; path = SwiftPythonApp.swift; sourceTree = "<group>"; };
		58DFEFC527DD053A00C825F6 /* ContentView.swift */ = {isa = PBXFileReference; lastKnownFileType = sourcecode.swift; path = ContentView.swift; sourceTree = "<group>"; };
		58DFEFC727DD053B00C825F6 /* Assets.xcassets */ = {isa = PBXFileReference; lastKnownFileType = folder.assetcatalog; path = Assets.xcassets; sourceTree = "<group>"; };
		58DFEFCA27DD053B00C825F6 /* Preview Assets.xcassets */ = {isa = PBXFileReference; lastKnownFileType = folder.assetcatalog; path = "Preview Assets.xcassets"; sourceTree = "<group>"; };
		58DFEFCC27DD053B00C825F6 /* SwiftPython.entitlements */ = {isa = PBXFileReference; lastKnownFileType = text.plist.entitlements; path = SwiftPython.entitlements; sourceTree = "<group>"; };
		58DFEFD727DD0DF400C825F6 /* PyScript.py */ = {isa = PBXFileReference; lastKnownFileType = text.script.python; path = PyScript.py; sourceTree = "<group>"; };
		58DFEFD927DD0EC000C825F6 /* RunScript.swift */ = {isa = PBXFileReference; lastKnownFileType = sourcecode.swift; path = RunScript.swift; sourceTree = "<group>"; };
/* End PBXFileReference section */

/* Begin PBXFrameworksBuildPhase section */
		58DFEFBD27DD053A00C825F6 /* Frameworks */ = {
			isa = PBXFrameworksBuildPhase;
			buildActionMask = 2147483647;
			files = (
				58DFEFD427DD056200C825F6 /* PythonKit in Frameworks */,
			);
			runOnlyForDeploymentPostprocessing = 0;
		};
/* End PBXFrameworksBuildPhase section */

/* Begin PBXGroup section */
		58DFEFB727DD053A00C825F6 = {
			isa = PBXGroup;
			children = (
				58DFEFC227DD053A00C825F6 /* SwiftPython */,
				58DFEFC127DD053A00C825F6 /* Products */,
			);
			sourceTree = "<group>";
		};
		58DFEFC127DD053A00C825F6 /* Products */ = {
			isa = PBXGroup;
			children = (
				58DFEFC027DD053A00C825F6 /* SwiftPython.app */,
			);
			name = Products;
			sourceTree = "<group>";
		};
		58DFEFC227DD053A00C825F6 /* SwiftPython */ = {
			isa = PBXGroup;
			children = (
				58DFEFC327DD053A00C825F6 /* SwiftPythonApp.swift */,
				58DFEFC527DD053A00C825F6 /* ContentView.swift */,
				58DFEFD927DD0EC000C825F6 /* RunScript.swift */,
				58DFEFD727DD0DF400C825F6 /* PyScript.py */,
				58DFEFC727DD053B00C825F6 /* Assets.xcassets */,
				58DFEFCC27DD053B00C825F6 /* SwiftPython.entitlements */,
				58DFEFC927DD053B00C825F6 /* Preview Content */,
			);
			path = SwiftPython;
			sourceTree = "<group>";
		};
		58DFEFC927DD053B00C825F6 /* Preview Content */ = {
			isa = PBXGroup;
			children = (
				58DFEFCA27DD053B00C825F6 /* Preview Assets.xcassets */,
			);
			path = "Preview Content";
			sourceTree = "<group>";
		};
/* End PBXGroup section */

/* Begin PBXNativeTarget section */
		58DFEFBF27DD053A00C825F6 /* SwiftPython */ = {
			isa = PBXNativeTarget;
			buildConfigurationList = 58DFEFCF27DD053B00C825F6 /* Build configuration list for PBXNativeTarget "SwiftPython" */;
			buildPhases = (
				58DFEFBC27DD053A00C825F6 /* Sources */,
				58DFEFBD27DD053A00C825F6 /* Frameworks */,
				58DFEFBE27DD053A00C825F6 /* Resources */,
			);
			buildRules = (
			);
			dependencies = (
			);
			name = SwiftPython;
			packageProductDependencies = (
				58DFEFD327DD056200C825F6 /* PythonKit */,
			);
			productName = SwiftPython;
			productReference = 58DFEFC027DD053A00C825F6 /* SwiftPython.app */;
			productType = "com.apple.product-type.application";
		};
/* End PBXNativeTarget section */

/* Begin PBXProject section */
		58DFEFB827DD053A00C825F6 /* Project object */ = {
			isa = PBXProject;
			attributes = {
				BuildIndependentTargetsInParallel = 1;
				LastSwiftUpdateCheck = 1320;
				LastUpgradeCheck = 1320;
				TargetAttributes = {
					58DFEFBF27DD053A00C825F6 = {
						CreatedOnToolsVersion = 13.2.1;
					};
				};
			};
			buildConfigurationList = 58DFEFBB27DD053A00C825F6 /* Build configuration list for PBXProject "SwiftPython" */;
			compatibilityVersion = "Xcode 13.0";
			developmentRegion = en;
			hasScannedForEncodings = 0;
			knownRegions = (
				en,
				Base,
			);
			mainGroup = 58DFEFB727DD053A00C825F6;
			packageReferences = (
				58DFEFD227DD056200C825F6 /* XCRemoteSwiftPackageReference "PythonKit" */,
			);
			productRefGroup = 58DFEFC127DD053A00C825F6 /* Products */;
			projectDirPath = "";
			projectRoot = "";
			targets = (
				58DFEFBF27DD053A00C825F6 /* SwiftPython */,
			);
		};
/* End PBXProject section */

/* Begin PBXResourcesBuildPhase section */
		58DFEFBE27DD053A00C825F6 /* Resources */ = {
			isa = PBXResourcesBuildPhase;
			buildActionMask = 2147483647;
			files = (
				58DFEFCB27DD053B00C825F6 /* Preview Assets.xcassets in Resources */,
				58DFEFC827DD053B00C825F6 /* Assets.xcassets in Resources */,
				58DFEFD827DD0DF400C825F6 /* PyScript.py in Resources */,
			);
			runOnlyForDeploymentPostprocessing = 0;
		};
/* End PBXResourcesBuildPhase section */

/* Begin PBXSourcesBuildPhase section */
		58DFEFBC27DD053A00C825F6 /* Sources */ = {
			isa = PBXSourcesBuildPhase;
			buildActionMask = 2147483647;
			files = (
				58DFEFDA27DD0EC000C825F6 /* RunScript.swift in Sources */,
				58DFEFC627DD053A00C825F6 /* ContentView.swift in Sources */,
				58DFEFC427DD053A00C825F6 /* SwiftPythonApp.swift in Sources */,
			);
			runOnlyForDeploymentPostprocessing = 0;
		};
/* End PBXSourcesBuildPhase section */

/* Begin XCBuildConfiguration section */
		58DFEFCD27DD053B00C825F6 /* Debug */ = {
			isa = XCBuildConfiguration;
			buildSettings = {
				ALWAYS_SEARCH_USER_PATHS = NO;
				CLANG_ANALYZER_NONNULL = YES;
				CLANG_ANALYZER_NUMBER_OBJECT_CONVERSION = YES_AGGRESSIVE;
				CLANG_CXX_LANGUAGE_STANDARD = "gnu++17";
				CLANG_CXX_LIBRARY = "libc++";
				CLANG_ENABLE_MODULES = YES;
				CLANG_ENABLE_OBJC_ARC = YES;
				CLANG_ENABLE_OBJC_WEAK = YES;
				CLANG_WARN_BLOCK_CAPTURE_AUTORELEASING = YES;
				CLANG_WARN_BOOL_CONVERSION = YES;
				CLANG_WARN_COMMA = YES;
				CLANG_WARN_CONSTANT_CONVERSION = YES;
				CLANG_WARN_DEPRECATED_OBJC_IMPLEMENTATIONS = YES;
				CLANG_WARN_DIRECT_OBJC_ISA_USAGE = YES_ERROR;
				CLANG_WARN_DOCUMENTATION_COMMENTS = YES;
				CLANG_WARN_EMPTY_BODY = YES;
				CLANG_WARN_ENUM_CONVERSION = YES;
				CLANG_WARN_INFINITE_RECURSION = YES;
				CLANG_WARN_INT_CONVERSION = YES;
				CLANG_WARN_NON_LITERAL_NULL_CONVERSION = YES;
				CLANG_WARN_OBJC_IMPLICIT_RETAIN_SELF = YES;
				CLANG_WARN_OBJC_LITERAL_CONVERSION = YES;
				CLANG_WARN_OBJC_ROOT_CLASS = YES_ERROR;
				CLANG_WARN_QUOTED_INCLUDE_IN_FRAMEWORK_HEADER = YES;
				CLANG_WARN_RANGE_LOOP_ANALYSIS = YES;
				CLANG_WARN_STRICT_PROTOTYPES = YES;
				CLANG_WARN_SUSPICIOUS_MOVE = YES;
				CLANG_WARN_UNGUARDED_AVAILABILITY = YES_AGGRESSIVE;
				CLANG_WARN_UNREACHABLE_CODE = YES;
				CLANG_WARN__DUPLICATE_METHOD_MATCH = YES;
				COPY_PHASE_STRIP = NO;
				DEBUG_INFORMATION_FORMAT = dwarf;
				ENABLE_STRICT_OBJC_MSGSEND = YES;
				ENABLE_TESTABILITY = YES;
				GCC_C_LANGUAGE_STANDARD = gnu11;
				GCC_DYNAMIC_NO_PIC = NO;
				GCC_NO_COMMON_BLOCKS = YES;
				GCC_OPTIMIZATION_LEVEL = 0;
				GCC_PREPROCESSOR_DEFINITIONS = (
					"DEBUG=1",
					"$(inherited)",
				);
				GCC_WARN_64_TO_32_BIT_CONVERSION = YES;
				GCC_WARN_ABOUT_RETURN_TYPE = YES_ERROR;
				GCC_WARN_UNDECLARED_SELECTOR = YES;
				GCC_WARN_UNINITIALIZED_AUTOS = YES_AGGRESSIVE;
				GCC_WARN_UNUSED_FUNCTION = YES;
				GCC_WARN_UNUSED_VARIABLE = YES;
				MACOSX_DEPLOYMENT_TARGET = 12.1;
				MTL_ENABLE_DEBUG_INFO = INCLUDE_SOURCE;
				MTL_FAST_MATH = YES;
				ONLY_ACTIVE_ARCH = YES;
				SDKROOT = macosx;
				SWIFT_ACTIVE_COMPILATION_CONDITIONS = DEBUG;
				SWIFT_OPTIMIZATION_LEVEL = "-Onone";
			};
			name = Debug;
		};
		58DFEFCE27DD053B00C825F6 /* Release */ = {
			isa = XCBuildConfiguration;
			buildSettings = {
				ALWAYS_SEARCH_USER_PATHS = NO;
				CLANG_ANALYZER_NONNULL = YES;
				CLANG_ANALYZER_NUMBER_OBJECT_CONVERSION = YES_AGGRESSIVE;
				CLANG_CXX_LANGUAGE_STANDARD = "gnu++17";
				CLANG_CXX_LIBRARY = "libc++";
				CLANG_ENABLE_MODULES = YES;
				CLANG_ENABLE_OBJC_ARC = YES;
				CLANG_ENABLE_OBJC_WEAK = YES;
				CLANG_WARN_BLOCK_CAPTURE_AUTORELEASING = YES;
				CLANG_WARN_BOOL_CONVERSION = YES;
				CLANG_WARN_COMMA = YES;
				CLANG_WARN_CONSTANT_CONVERSION = YES;
				CLANG_WARN_DEPRECATED_OBJC_IMPLEMENTATIONS = YES;
				CLANG_WARN_DIRECT_OBJC_ISA_USAGE = YES_ERROR;
				CLANG_WARN_DOCUMENTATION_COMMENTS = YES;
				CLANG_WARN_EMPTY_BODY = YES;
				CLANG_WARN_ENUM_CONVERSION = YES;
				CLANG_WARN_INFINITE_RECURSION = YES;
				CLANG_WARN_INT_CONVERSION = YES;
				CLANG_WARN_NON_LITERAL_NULL_CONVERSION = YES;
				CLANG_WARN_OBJC_IMPLICIT_RETAIN_SELF = YES;
				CLANG_WARN_OBJC_LITERAL_CONVERSION = YES;
				CLANG_WARN_OBJC_ROOT_CLASS = YES_ERROR;
				CLANG_WARN_QUOTED_INCLUDE_IN_FRAMEWORK_HEADER = YES;
				CLANG_WARN_RANGE_LOOP_ANALYSIS = YES;
				CLANG_WARN_STRICT_PROTOTYPES = YES;
				CLANG_WARN_SUSPICIOUS_MOVE = YES;
				CLANG_WARN_UNGUARDED_AVAILABILITY = YES_AGGRESSIVE;
				CLANG_WARN_UNREACHABLE_CODE = YES;
				CLANG_WARN__DUPLICATE_METHOD_MATCH = YES;
				COPY_PHASE_STRIP = NO;
				DEBUG_INFORMATION_FORMAT = "dwarf-with-dsym";
				ENABLE_NS_ASSERTIONS = NO;
				ENABLE_STRICT_OBJC_MSGSEND = YES;
				GCC_C_LANGUAGE_STANDARD = gnu11;
				GCC_NO_COMMON_BLOCKS = YES;
				GCC_WARN_64_TO_32_BIT_CONVERSION = YES;
				GCC_WARN_ABOUT_RETURN_TYPE = YES_ERROR;
				GCC_WARN_UNDECLARED_SELECTOR = YES;
				GCC_WARN_UNINITIALIZED_AUTOS = YES_AGGRESSIVE;
				GCC_WARN_UNUSED_FUNCTION = YES;
				GCC_WARN_UNUSED_VARIABLE = YES;
				MACOSX_DEPLOYMENT_TARGET = 12.1;
				MTL_ENABLE_DEBUG_INFO = NO;
				MTL_FAST_MATH = YES;
				SDKROOT = macosx;
				SWIFT_COMPILATION_MODE = wholemodule;
				SWIFT_OPTIMIZATION_LEVEL = "-O";
			};
			name = Release;
		};
		58DFEFD027DD053B00C825F6 /* Debug */ = {
			isa = XCBuildConfiguration;
			buildSettings = {
				ASSETCATALOG_COMPILER_APPICON_NAME = AppIcon;
				ASSETCATALOG_COMPILER_GLOBAL_ACCENT_COLOR_NAME = AccentColor;
				CODE_SIGN_ENTITLEMENTS = SwiftPython/SwiftPython.entitlements;
				CODE_SIGN_STYLE = Automatic;
				COMBINE_HIDPI_IMAGES = YES;
				CURRENT_PROJECT_VERSION = 1;
				DEVELOPMENT_ASSET_PATHS = "\"SwiftPython/Preview Content\"";
				DEVELOPMENT_TEAM = L5N89ZQYBM;
				ENABLE_HARDENED_RUNTIME = YES;
				ENABLE_PREVIEWS = YES;
				GENERATE_INFOPLIST_FILE = YES;
				INFOPLIST_KEY_NSHumanReadableCopyright = "";
				LD_RUNPATH_SEARCH_PATHS = (
					"$(inherited)",
					"@executable_path/../Frameworks",
				);
				MARKETING_VERSION = 1.0;
				PRODUCT_BUNDLE_IDENTIFIER = vk.com.south.russian.SwiftPython;
				PRODUCT_NAME = "$(TARGET_NAME)";
				SWIFT_EMIT_LOC_STRINGS = YES;
				SWIFT_VERSION = 5.0;
			};
			name = Debug;
		};
		58DFEFD127DD053B00C825F6 /* Release */ = {
			isa = XCBuildConfiguration;
			buildSettings = {
				ASSETCATALOG_COMPILER_APPICON_NAME = AppIcon;
				ASSETCATALOG_COMPILER_GLOBAL_ACCENT_COLOR_NAME = AccentColor;
				CODE_SIGN_ENTITLEMENTS = SwiftPython/SwiftPython.entitlements;
				CODE_SIGN_STYLE = Automatic;
				COMBINE_HIDPI_IMAGES = YES;
				CURRENT_PROJECT_VERSION = 1;
				DEVELOPMENT_ASSET_PATHS = "\"SwiftPython/Preview Content\"";
				DEVELOPMENT_TEAM = L5N89ZQYBM;
				ENABLE_HARDENED_RUNTIME = YES;
				ENABLE_PREVIEWS = YES;
				GENERATE_INFOPLIST_FILE = YES;
				INFOPLIST_KEY_NSHumanReadableCopyright = "";
				LD_RUNPATH_SEARCH_PATHS = (
					"$(inherited)",
					"@executable_path/../Frameworks",
				);
				MARKETING_VERSION = 1.0;
				PRODUCT_BUNDLE_IDENTIFIER = vk.com.south.russian.SwiftPython;
				PRODUCT_NAME = "$(TARGET_NAME)";
				SWIFT_EMIT_LOC_STRINGS = YES;
				SWIFT_VERSION = 5.0;
			};
			name = Release;
		};
/* End XCBuildConfiguration section */

/* Begin XCConfigurationList section */
		58DFEFBB27DD053A00C825F6 /* Build configuration list for PBXProject "SwiftPython" */ = {
			isa = XCConfigurationList;
			buildConfigurations = (
				58DFEFCD27DD053B00C825F6 /* Debug */,
				58DFEFCE27DD053B00C825F6 /* Release */,
			);
			defaultConfigurationIsVisible = 0;
			defaultConfigurationName = Release;
		};
		58DFEFCF27DD053B00C825F6 /* Build configuration list for PBXNativeTarget "SwiftPython" */ = {
			isa = XCConfigurationList;
			buildConfigurations = (
				58DFEFD027DD053B00C825F6 /* Debug */,
				58DFEFD127DD053B00C825F6 /* Release */,
			);
			defaultConfigurationIsVisible = 0;
			defaultConfigurationName = Release;
		};
/* End XCConfigurationList section */

/* Begin XCRemoteSwiftPackageReference section */
		58DFEFD227DD056200C825F6 /* XCRemoteSwiftPackageReference "PythonKit" */ = {
			isa = XCRemoteSwiftPackageReference;
			repositoryURL = "https://github.com/pvieito/PythonKit.git";
			requirement = {
				branch = master;
				kind = branch;
			};
		};
/* End XCRemoteSwiftPackageReference section */

/* Begin XCSwiftPackageProductDependency section */
		58DFEFD327DD056200C825F6 /* PythonKit */ = {
			isa = XCSwiftPackageProductDependency;
			package = 58DFEFD227DD056200C825F6 /* XCRemoteSwiftPackageReference "PythonKit" */;
			productName = PythonKit;
		};
/* End XCSwiftPackageProductDependency section */
	};
	rootObject = 58DFEFB827DD053A00C825F6 /* Project object */;
}
